
Microsoft Visual Studio Solution File, Format Version 12.00
# Visual Studio Version 17
VisualStudioVersion = 17.8.34330.188
MinimumVisualStudioVersion = 10.0.40219.1
Project("{9A19103F-16F7-4668-BE54-9A1E7A4F7556}") = "1. Mini-Sonic-PL", "Mini-Sonic\1. Mini-Sonic-PL.csproj", "{8A003677-C440-40D2-A764-980018FA71AE}"
EndProject
Project("{9A19103F-16F7-4668-BE54-9A1E7A4F7556}") = "2. Mini-Sonic_BAL", "Mini-Sonic_BAL\2. Mini-Sonic_BAL.csproj", "{535C5E43-A0A2-4B11-BCF7-E03D29484F2E}"
EndProject
Project("{9A19103F-16F7-4668-BE54-9A1E7A4F7556}") = "3. Mini-Sonic_DAL", "Mini-Sonic_DAL\3. Mini-Sonic_DAL.csproj", "{2CF2575C-0B04-45C6-A3CC-404A0FA8FB8B}"
EndProject
Global
	GlobalSection(SolutionConfigurationPlatforms) = preSolution
		Debug|Any CPU = Debug|Any CPU
		Release|Any CPU = Release|Any CPU
	EndGlobalSection
	GlobalSection(ProjectConfigurationPlatforms) = postSolution
		{8A003677-C440-40D2-A764-980018FA71AE}.Debug|Any CPU.ActiveCfg = Debug|Any CPU
		{8A003677-C440-40D2-A764-980018FA71AE}.Debug|Any CPU.Build.0 = Debug|Any CPU
		{8A003677-C440-40D2-A764-980018FA71AE}.Release|Any CPU.ActiveCfg = Release|Any CPU
		{8A003677-C440-40D2-A764-980018FA71AE}.Release|Any CPU.Build.0 = Release|Any CPU
		{535C5E43-A0A2-4B11-BCF7-E03D29484F2E}.Debug|Any CPU.ActiveCfg = Debug|Any CPU
		{535C5E43-A0A2-4B11-BCF7-E03D29484F2E}.Debug|Any CPU.Build.0 = Debug|Any CPU
		{535C5E43-A0A2-4B11-BCF7-E03D29484F2E}.Release|Any CPU.ActiveCfg = Release|Any CPU
		{535C5E43-A0A2-4B11-BCF7-E03D29484F2E}.Release|Any CPU.Build.0 = Release|Any CPU
		{2CF2575C-0B04-45C6-A3CC-404A0FA8FB8B}.Debug|Any CPU.ActiveCfg = Debug|Any CPU
		{2CF2575C-0B04-45C6-A3CC-404A0FA8FB8B}.Debug|Any CPU.Build.0 = Debug|Any CPU
		{2CF2575C-0B04-45C6-A3CC-404A0FA8FB8B}.Release|Any CPU.ActiveCfg = Release|Any CPU
		{2CF2575C-0B04-45C6-A3CC-404A0FA8FB8B}.Release|Any CPU.Build.0 = Release|Any CPU
	EndGlobalSection
	GlobalSection(SolutionProperties) = preSolution
		HideSolutionNode = FALSE
	EndGlobalSection
	GlobalSection(ExtensibilityGlobals) = postSolution
		SolutionGuid = {5DAD79F9-1ACA-49F4-AB1E-D9E1D9D331B4}
	EndGlobalSection
EndGlobal
